
Microsoft Visual Studio Solution File, Format Version 12.00
# Visual Studio Version 16
VisualStudioVersion = 16.0.31005.135
MinimumVisualStudioVersion = 10.0.40219.1
Project("{8BC9CEB8-8B4A-11D0-8D11-00A0C91BC942}") = "Calc", "Calc\Calc.vcxproj", "{145604F3-A815-4C0C-8745-A82475922250}"
EndProject
Project("{8BC9CEB8-8B4A-11D0-8D11-00A0C91BC942}") = "Calc_tests", "Calc_tests\Calc_tests.vcxproj", "{57A29CA0-B7E5-4D75-9616-80F48C64FFAA}"
EndProject
Global
	GlobalSection(SolutionConfigurationPlatforms) = preSolution
		Debug|x64 = Debug|x64
		Debug|x86 = Debug|x86
		Release|x64 = Release|x64
		Release|x86 = Release|x86
	EndGlobalSection
	GlobalSection(ProjectConfigurationPlatforms) = postSolution
		{145604F3-A815-4C0C-8745-A82475922250}.Debug|x64.ActiveCfg = Debug|x64
		{145604F3-A815-4C0C-8745-A82475922250}.Debug|x64.Build.0 = Debug|x64
		{145604F3-A815-4C0C-8745-A82475922250}.Debug|x86.ActiveCfg = Debug|Win32
		{145604F3-A815-4C0C-8745-A82475922250}.Debug|x86.Build.0 = Debug|Win32
		{145604F3-A815-4C0C-8745-A82475922250}.Release|x64.ActiveCfg = Release|x64
		{145604F3-A815-4C0C-8745-A82475922250}.Release|x64.Build.0 = Release|x64
		{145604F3-A815-4C0C-8745-A82475922250}.Release|x86.ActiveCfg = Release|Win32
		{145604F3-A815-4C0C-8745-A82475922250}.Release|x86.Build.0 = Release|Win32
		{57A29CA0-B7E5-4D75-9616-80F48C64FFAA}.Debug|x64.ActiveCfg = Debug|x64
		{57A29CA0-B7E5-4D75-9616-80F48C64FFAA}.Debug|x64.Build.0 = Debug|x64
		{57A29CA0-B7E5-4D75-9616-80F48C64FFAA}.Debug|x86.ActiveCfg = Debug|Win32
		{57A29CA0-B7E5-4D75-9616-80F48C64FFAA}.Debug|x86.Build.0 = Debug|Win32
		{57A29CA0-B7E5-4D75-9616-80F48C64FFAA}.Release|x64.ActiveCfg = Release|x64
		{57A29CA0-B7E5-4D75-9616-80F48C64FFAA}.Release|x64.Build.0 = Release|x64
		{57A29CA0-B7E5-4D75-9616-80F48C64FFAA}.Release|x86.ActiveCfg = Release|Win32
		{57A29CA0-B7E5-4D75-9616-80F48C64FFAA}.Release|x86.Build.0 = Release|Win32
	EndGlobalSection
	GlobalSection(SolutionProperties) = preSolution
		HideSolutionNode = FALSE
	EndGlobalSection
	GlobalSection(ExtensibilityGlobals) = postSolution
		SolutionGuid = {81A7B7CC-A1FD-42ED-99AB-7B061FD7F90B}
	EndGlobalSection
EndGlobal
